
Microsoft Visual Studio Solution File, Format Version 12.00
# Visual Studio Version 17
VisualStudioVersion = 17.2.32630.192
MinimumVisualStudioVersion = 10.0.40219.1
Project("{FAE04EC0-301F-11D3-BF4B-00C04F79EFBC}") = "LearningUnitOfworkPattern", "LearningUnitOfworkPattern\LearningUnitOfworkPattern.csproj", "{4CDCB293-CB20-461A-8E15-9C38D3FDC1A4}"
EndProject
Project("{FAE04EC0-301F-11D3-BF4B-00C04F79EFBC}") = "LearningUnitOfworkPattern.core", "LearningUnitOfworkPattern.core\LearningUnitOfworkPattern.core.csproj", "{2AABB843-7786-457C-BAA2-A1D8F2CB16E2}"
EndProject
Project("{FAE04EC0-301F-11D3-BF4B-00C04F79EFBC}") = "LearningUnitOfworkPattern.EF", "LearningUnitOfworkPattern.EF\LearningUnitOfworkPattern.EF.csproj", "{73D7CF6D-1D02-4457-B36B-3852F3C80FB9}"
EndProject
Global
	GlobalSection(SolutionConfigurationPlatforms) = preSolution
		Debug|Any CPU = Debug|Any CPU
		Release|Any CPU = Release|Any CPU
	EndGlobalSection
	GlobalSection(ProjectConfigurationPlatforms) = postSolution
		{4CDCB293-CB20-461A-8E15-9C38D3FDC1A4}.Debug|Any CPU.ActiveCfg = Debug|Any CPU
		{4CDCB293-CB20-461A-8E15-9C38D3FDC1A4}.Debug|Any CPU.Build.0 = Debug|Any CPU
		{4CDCB293-CB20-461A-8E15-9C38D3FDC1A4}.Release|Any CPU.ActiveCfg = Release|Any CPU
		{4CDCB293-CB20-461A-8E15-9C38D3FDC1A4}.Release|Any CPU.Build.0 = Release|Any CPU
		{2AABB843-7786-457C-BAA2-A1D8F2CB16E2}.Debug|Any CPU.ActiveCfg = Debug|Any CPU
		{2AABB843-7786-457C-BAA2-A1D8F2CB16E2}.Debug|Any CPU.Build.0 = Debug|Any CPU
		{2AABB843-7786-457C-BAA2-A1D8F2CB16E2}.Release|Any CPU.ActiveCfg = Release|Any CPU
		{2AABB843-7786-457C-BAA2-A1D8F2CB16E2}.Release|Any CPU.Build.0 = Release|Any CPU
		{73D7CF6D-1D02-4457-B36B-3852F3C80FB9}.Debug|Any CPU.ActiveCfg = Debug|Any CPU
		{73D7CF6D-1D02-4457-B36B-3852F3C80FB9}.Debug|Any CPU.Build.0 = Debug|Any CPU
		{73D7CF6D-1D02-4457-B36B-3852F3C80FB9}.Release|Any CPU.ActiveCfg = Release|Any CPU
		{73D7CF6D-1D02-4457-B36B-3852F3C80FB9}.Release|Any CPU.Build.0 = Release|Any CPU
	EndGlobalSection
	GlobalSection(SolutionProperties) = preSolution
		HideSolutionNode = FALSE
	EndGlobalSection
	GlobalSection(ExtensibilityGlobals) = postSolution
		SolutionGuid = {19FA87B2-C682-4C4A-878E-CED040F0AEB3}
	EndGlobalSection
EndGlobal
